golang.org/x/text v0.13.0 h1:ablQoSUd0tRdKxZewP80B+BaqeKJuVhuRxj/dkrun3k=
golang.org/x/text v0.13.0/go.mod h1:TvPlkZtksWOMsz7fbANvkp4WM8x/WCo/om8BMLbz+aE=
proto.zip/studio/validate v0.3.0 h1:WZNqndgXgCHO25+UYXYZV+DyXglduLjCBajSd860Zno=
proto.zip/studio/validate v0.3.0/go.mod h1:w+kS2OtGypT2xPjjZQEUh1G7+R3+5BQGm/JQEJe/pr8=
